{
  "requires": true,
  "lockfileVersion": 1,
  "dependencies": {
    "@babel/runtime": {
      "version": "7.21.0",
      "resolved": "https://na.artifactory.swg-devops.com/artifactory/api/npm/hyc-pa-npm-virtual/@babel/runtime/-/runtime-7.21.0.tgz?dl=https%3A%2F%2Fregistry.npmjs.org%2F%40babel%2Fruntime%2F-%2Fruntime-7.21.0.tgz",
      "integrity": "sha512-xwII0//EObnq89Ji5AKYQaRYiW/nZ3llSv29d49IuxPhKbtJoLP+9QUUZ4nVragQVtaVGeZrpB+ZtG/Pdy/POw==",
      "requires": {
        "regenerator-runtime": "^0.13.11"
      }
    },
    "@types/hoist-non-react-statics": {
      "version": "3.3.1",
      "resolved": "https://na.artifactory.swg-devops.com/artifactory/api/npm/hyc-pa-npm-virtual/@types/hoist-non-react-statics/-/hoist-non-react-statics-3.3.1.tgz?dl=https%3A%2F%2Fregistry.npmjs.org%2F%40types%2Fhoist-non-react-statics%2F-%2Fhoist-non-react-statics-3.3.1.tgz",
      "integrity": "sha512-iMIqiko6ooLrTh1joXodJK5X9xeEALT1kM5G3ZLhD3hszxBdIEd5C75U834D9mLcINgD4OyZf5uQXjkuYydWvA==",
      "requires": {
        "@types/react": "*",
        "hoist-non-react-statics": "^3.3.0"
      }
    },
    "@types/prop-types": {
      "version": "15.7.5",
      "resolved": "https://na.artifactory.swg-devops.com/artifactory/api/npm/hyc-pa-npm-virtual/@types/prop-types/-/prop-types-15.7.5.tgz?dl=https%3A%2F%2Fregistry.npmjs.org%2F%40types%2Fprop-types%2F-%2Fprop-types-15.7.5.tgz",
      "integrity": "sha512-JCB8C6SnDoQf0cNycqd/35A7MjcnK+ZTqE7judS6o7utxUCg6imJg3QK2qzHKszlTjcj2cn+NwMB2i96ubpj7w=="
    },
    "@types/react": {
      "version": "18.0.28",
      "resolved": "https://na.artifactory.swg-devops.com/artifactory/api/npm/hyc-pa-npm-virtual/@types/react/-/react-18.0.28.tgz?dl=https%3A%2F%2Fregistry.npmjs.org%2F%40types%2Freact%2F-%2Freact-18.0.28.tgz",
      "integrity": "sha512-RD0ivG1kEztNBdoAK7lekI9M+azSnitIn85h4iOiaLjaTrMjzslhaqCGaI4IyCJ1RljWiLCEu4jyrLLgqxBTew==",
      "requires": {
        "@types/prop-types": "*",
        "@types/scheduler": "*",
        "csstype": "^3.0.2"
      }
    },
    "@types/scheduler": {
      "version": "0.16.2",
      "resolved": "https://na.artifactory.swg-devops.com/artifactory/api/npm/hyc-pa-npm-virtual/@types/scheduler/-/scheduler-0.16.2.tgz?dl=https%3A%2F%2Fregistry.npmjs.org%2F%40types%2Fscheduler%2F-%2Fscheduler-0.16.2.tgz",
      "integrity": "sha512-hppQEBDmlwhFAXKJX2KnWLYu5yMfi91yazPb2l+lbJiwW+wdo1gNeRA+3RgNSO39WYX2euey41KEwnqesU2Jew=="
    },
    "@types/use-sync-external-store": {
      "version": "0.0.3",
      "resolved": "https://na.artifactory.swg-devops.com/artifactory/api/npm/hyc-pa-npm-virtual/@types/use-sync-external-store/-/use-sync-external-store-0.0.3.tgz?dl=https%3A%2F%2Fregistry.npmjs.org%2F%40types%2Fuse-sync-external-store%2F-%2Fuse-sync-external-store-0.0.3.tgz",
      "integrity": "sha512-EwmlvuaxPNej9+T4v5AuBPJa2x2UOJVdjCtDHgcDqitUeOtjnJKJ+apYjVcAoBEMjKW1VVFGZLUb5+qqa09XFA=="
    },
    "asynckit": {
      "version": "0.4.0",
      "resolved": "https://na.artifactory.swg-devops.com/artifactory/api/npm/hyc-pa-npm-virtual/asynckit/-/asynckit-0.4.0.tgz?dl=https%3A%2F%2Fregistry.npmjs.org%2Fasynckit%2F-%2Fasynckit-0.4.0.tgz",
      "integrity": "sha512-Oei9OH4tRh0YqU3GxhX79dM/mwVgvbZJaSNaRk+bshkj0S5cfHcgYakreBjrHwatXKbz+IoIdYLxrKim2MjW0Q=="
    },
    "axios": {
      "version": "1.3.4",
      "resolved": "https://na.artifactory.swg-devops.com/artifactory/api/npm/hyc-pa-npm-virtual/axios/-/axios-1.3.4.tgz?dl=https%3A%2F%2Fregistry.npmjs.org%2Faxios%2F-%2Faxios-1.3.4.tgz",
      "integrity": "sha512-toYm+Bsyl6VC5wSkfkbbNB6ROv7KY93PEBBL6xyDczaIHasAiv4wPqQ/c4RjoQzipxRD2W5g21cOqQulZ7rHwQ==",
      "requires": {
        "follow-redirects": "^1.15.0",
        "form-data": "^4.0.0",
        "proxy-from-env": "^1.1.0"
      }
    },
    "combined-stream": {
      "version": "1.0.8",
      "resolved": "https://na.artifactory.swg-devops.com/artifactory/api/npm/hyc-pa-npm-virtual/combined-stream/-/combined-stream-1.0.8.tgz?dl=https%3A%2F%2Fregistry.npmjs.org%2Fcombined-stream%2F-%2Fcombined-stream-1.0.8.tgz",
      "integrity": "sha512-FQN4MRfuJeHf7cBbBMJFXhKSDq+2kAArBlmRBvcvFE5BB1HZKXtSFASDhdlz9zOYwxh8lDdnvmMOe/+5cdoEdg==",
      "requires": {
        "delayed-stream": "~1.0.0"
      }
    },
    "csstype": {
      "version": "3.1.1",
      "resolved": "https://na.artifactory.swg-devops.com/artifactory/api/npm/hyc-pa-npm-virtual/csstype/-/csstype-3.1.1.tgz?dl=https%3A%2F%2Fregistry.npmjs.org%2Fcsstype%2F-%2Fcsstype-3.1.1.tgz",
      "integrity": "sha512-DJR/VvkAvSZW9bTouZue2sSxDwdTN92uHjqeKVm+0dAqdfNykRzQ95tay8aXMBAAPpUiq4Qcug2L7neoRh2Egw=="
    },
    "delayed-stream": {
      "version": "1.0.0",
      "resolved": "https://na.artifactory.swg-devops.com/artifactory/api/npm/hyc-pa-npm-virtual/delayed-stream/-/delayed-stream-1.0.0.tgz?dl=https%3A%2F%2Fregistry.npmjs.org%2Fdelayed-stream%2F-%2Fdelayed-stream-1.0.0.tgz",
      "integrity": "sha512-ZySD7Nf91aLB0RxL4KGrKHBXl7Eds1DAmEdcoVawXnLD7SDhpNgtuII2aAkg7a7QS41jxPSZ17p4VdGnMHk3MQ=="
    },
    "follow-redirects": {
      "version": "1.15.2",
      "resolved": "https://na.artifactory.swg-devops.com/artifactory/api/npm/hyc-pa-npm-virtual/follow-redirects/-/follow-redirects-1.15.2.tgz?dl=https%3A%2F%2Fregistry.npmjs.org%2Ffollow-redirects%2F-%2Ffollow-redirects-1.15.2.tgz",
      "integrity": "sha512-VQLG33o04KaQ8uYi2tVNbdrWp1QWxNNea+nmIB4EVM28v0hmP17z7aG1+wAkNzVq4KeXTq3221ye5qTJP91JwA=="
    },
    "form-data": {
      "version": "4.0.0",
      "resolved": "https://na.artifactory.swg-devops.com/artifactory/api/npm/hyc-pa-npm-virtual/form-data/-/form-data-4.0.0.tgz?dl=https%3A%2F%2Fregistry.npmjs.org%2Fform-data%2F-%2Fform-data-4.0.0.tgz",
      "integrity": "sha512-ETEklSGi5t0QMZuiXoA/Q6vcnxcLQP5vdugSpuAyi6SVGi2clPPp+xgEhuMaHC+zGgn31Kd235W35f7Hykkaww==",
      "requires": {
        "asynckit": "^0.4.0",
        "combined-stream": "^1.0.8",
        "mime-types": "^2.1.12"
      }
    },
    "hoist-non-react-statics": {
      "version": "3.3.2",
      "resolved": "https://na.artifactory.swg-devops.com/artifactory/api/npm/hyc-pa-npm-virtual/hoist-non-react-statics/-/hoist-non-react-statics-3.3.2.tgz?dl=https%3A%2F%2Fregistry.npmjs.org%2Fhoist-non-react-statics%2F-%2Fhoist-non-react-statics-3.3.2.tgz",
      "integrity": "sha512-/gGivxi8JPKWNm/W0jSmzcMPpfpPLc3dY/6GxhX2hQ9iGj3aDfklV4ET7NjKpSinLpJ5vafa9iiGIEZg10SfBw==",
      "requires": {
        "react-is": "^16.7.0"
      },
      "dependencies": {
        "react-is": {
          "version": "16.13.1",
          "resolved": "https://na.artifactory.swg-devops.com/artifactory/api/npm/hyc-pa-npm-virtual/react-is/-/react-is-16.13.1.tgz?dl=https%3A%2F%2Fregistry.npmjs.org%2Freact-is%2F-%2Freact-is-16.13.1.tgz",
          "integrity": "sha512-24e6ynE2H+OKt4kqsOvNd8kBpV65zoxbA4BVsEOB3ARVWQki/DHzaUoC5KuON/BiccDaCCTZBuOcfZs70kR8bQ=="
        }
      }
    },
    "mime-db": {
      "version": "1.52.0",
      "resolved": "https://na.artifactory.swg-devops.com/artifactory/api/npm/hyc-pa-npm-virtual/mime-db/-/mime-db-1.52.0.tgz?dl=https%3A%2F%2Fregistry.npmjs.org%2Fmime-db%2F-%2Fmime-db-1.52.0.tgz",
      "integrity": "sha512-sPU4uV7dYlvtWJxwwxHD0PuihVNiE7TyAbQ5SWxDCB9mUYvOgroQOwYQQOKPJ8CIbE+1ETVlOoK1UC2nU3gYvg=="
    },
    "mime-types": {
      "version": "2.1.35",
      "resolved": "https://na.artifactory.swg-devops.com/artifactory/api/npm/hyc-pa-npm-virtual/mime-types/-/mime-types-2.1.35.tgz?dl=https%3A%2F%2Fregistry.npmjs.org%2Fmime-types%2F-%2Fmime-types-2.1.35.tgz",
      "integrity": "sha512-ZDY+bPm5zTTF+YpCrAU9nK0UgICYPT0QtT1NZWFv4s++TNkcgVaT0g6+4R2uI4MjQjzysHB1zxuWL50hzaeXiw==",
      "requires": {
        "mime-db": "1.52.0"
      }
    },
    "proxy-from-env": {
      "version": "1.1.0",
      "resolved": "https://na.artifactory.swg-devops.com/artifactory/api/npm/hyc-pa-npm-virtual/proxy-from-env/-/proxy-from-env-1.1.0.tgz?dl=https%3A%2F%2Fregistry.npmjs.org%2Fproxy-from-env%2F-%2Fproxy-from-env-1.1.0.tgz",
      "integrity": "sha512-D+zkORCbA9f1tdWRK0RaCR3GPv50cMxcrz4X8k5LTSUD1Dkw47mKJEZQNunItRTkWwgtaUSo1RVFRIG9ZXiFYg=="
    },
    "react-is": {
      "version": "18.2.0",
      "resolved": "https://na.artifactory.swg-devops.com/artifactory/api/npm/hyc-pa-npm-virtual/react-is/-/react-is-18.2.0.tgz?dl=https%3A%2F%2Fregistry.npmjs.org%2Freact-is%2F-%2Freact-is-18.2.0.tgz",
      "integrity": "sha512-xWGDIW6x921xtzPkhiULtthJHoJvBbF3q26fzloPCK0hsvxtPVelvftw3zjbHWSkR2km9Z+4uxbDDK/6Zw9B8w=="
    },
    "react-redux": {
      "version": "8.0.5",
      "resolved": "https://na.artifactory.swg-devops.com/artifactory/api/npm/hyc-pa-npm-virtual/react-redux/-/react-redux-8.0.5.tgz?dl=https%3A%2F%2Fregistry.npmjs.org%2Freact-redux%2F-%2Freact-redux-8.0.5.tgz",
      "integrity": "sha512-Q2f6fCKxPFpkXt1qNRZdEDLlScsDWyrgSj0mliK59qU6W5gvBiKkdMEG2lJzhd1rCctf0hb6EtePPLZ2e0m1uw==",
      "requires": {
        "@babel/runtime": "^7.12.1",
        "@types/hoist-non-react-statics": "^3.3.1",
        "@types/use-sync-external-store": "^0.0.3",
        "hoist-non-react-statics": "^3.3.2",
        "react-is": "^18.0.0",
        "use-sync-external-store": "^1.0.0"
      }
    },
    "redux": {
      "version": "4.2.1",
      "resolved": "https://na.artifactory.swg-devops.com/artifactory/api/npm/hyc-pa-npm-virtual/redux/-/redux-4.2.1.tgz?dl=https%3A%2F%2Fregistry.npmjs.org%2Fredux%2F-%2Fredux-4.2.1.tgz",
      "integrity": "sha512-LAUYz4lc+Do8/g7aeRa8JkyDErK6ekstQaqWQrNRW//MY1TvCEpMtpTWvlQ+FPbWCx+Xixu/6SHt5N0HR+SB4w==",
      "requires": {
        "@babel/runtime": "^7.9.2"
      }
    },
    "redux-thunk": {
      "version": "2.4.2",
      "resolved": "https://na.artifactory.swg-devops.com/artifactory/api/npm/hyc-pa-npm-virtual/redux-thunk/-/redux-thunk-2.4.2.tgz?dl=https%3A%2F%2Fregistry.npmjs.org%2Fredux-thunk%2F-%2Fredux-thunk-2.4.2.tgz",
      "integrity": "sha512-+P3TjtnP0k/FEjcBL5FZpoovtvrTNT/UXd4/sluaSyrURlSlhLSzEdfsTBW7WsKB6yPvgd7q/iZPICFjW4o57Q=="
    },
    "regenerator-runtime": {
      "version": "0.13.11",
      "resolved": "https://na.artifactory.swg-devops.com/artifactory/api/npm/hyc-pa-npm-virtual/regenerator-runtime/-/regenerator-runtime-0.13.11.tgz?dl=https%3A%2F%2Fregistry.npmjs.org%2Fregenerator-runtime%2F-%2Fregenerator-runtime-0.13.11.tgz",
      "integrity": "sha512-kY1AZVr2Ra+t+piVaJ4gxaFaReZVH40AKNo7UCX6W+dEwBo/2oZJzqfuN1qLq1oL45o56cPaTXELwrTh8Fpggg=="
    },
    "use-sync-external-store": {
      "version": "1.2.0",
      "resolved": "https://na.artifactory.swg-devops.com/artifactory/api/npm/hyc-pa-npm-virtual/use-sync-external-store/-/use-sync-external-store-1.2.0.tgz?dl=https%3A%2F%2Fregistry.npmjs.org%2Fuse-sync-external-store%2F-%2Fuse-sync-external-store-1.2.0.tgz",
      "integrity": "sha512-eEgnFxGQ1Ife9bzYs6VLi8/4X6CObHMw9Qr9tPY43iKwsPw8xE8+EFsf/2cFZ5S3esXgpWgtSCtLNS41F+sKPA=="
    }
  }
}
